
Microsoft Visual Studio Solution File, Format Version 12.00
# Visual Studio Version 17
VisualStudioVersion = 17.8.34322.80
MinimumVisualStudioVersion = 10.0.40219.1
Project("{FAE04EC0-301F-11D3-BF4B-00C04F79EFBC}") = "E_ComMIniProj", "E_ComMIniProj.csproj", "{53D438D8-77D0-4A79-8D96-CA96DB8F523B}"
EndProject
Global
	GlobalSection(SolutionConfigurationPlatforms) = preSolution
		Debug|Any CPU = Debug|Any CPU
		Release|Any CPU = Release|Any CPU
	EndGlobalSection
	GlobalSection(ProjectConfigurationPlatforms) = postSolution
		{53D438D8-77D0-4A79-8D96-CA96DB8F523B}.Debug|Any CPU.ActiveCfg = Debug|Any CPU
		{53D438D8-77D0-4A79-8D96-CA96DB8F523B}.Debug|Any CPU.Build.0 = Debug|Any CPU
		{53D438D8-77D0-4A79-8D96-CA96DB8F523B}.Release|Any CPU.ActiveCfg = Release|Any CPU
		{53D438D8-77D0-4A79-8D96-CA96DB8F523B}.Release|Any CPU.Build.0 = Release|Any CPU
	EndGlobalSection
	GlobalSection(SolutionProperties) = preSolution
		HideSolutionNode = FALSE
	EndGlobalSection
	GlobalSection(ExtensibilityGlobals) = postSolution
		SolutionGuid = {B3F7168E-31A3-44E5-B9C2-81244CF7017C}
	EndGlobalSection
EndGlobal
